// !$*UTF8*$!
{
	archiveVersion = 1;
	classes = {
	};
	objectVersion = 77;
	objects = {

/* Begin PBXContainerItemProxy section */
		2A2196782DB76D6000CEFADE /* PBXContainerItemProxy */ = {
			isa = PBXContainerItemProxy;
			containerPortal = 2A21965E2DB76D5E00CEFADE /* Project object */;
			proxyType = 1;
			remoteGlobalIDString = 2A2196652DB76D5E00CEFADE;
			remoteInfo = autoclicker;
		};
		2A2196822DB76D6000CEFADE /* PBXContainerItemProxy */ = {
			isa = PBXContainerItemProxy;
			containerPortal = 2A21965E2DB76D5E00CEFADE /* Project object */;
			proxyType = 1;
			remoteGlobalIDString = 2A2196652DB76D5E00CEFADE;
			remoteInfo = autoclicker;
		};
/* End PBXContainerItemProxy section */

/* Begin PBXFileReference section */
		2A2196662DB76D5E00CEFADE /* autoclicker.app */ = {isa = PBXFileReference; explicitFileType = wrapper.application; includeInIndex = 0; path = autoclicker.app; sourceTree = BUILT_PRODUCTS_DIR; };
		2A2196772DB76D6000CEFADE /* autoclickerTests.xctest */ = {isa = PBXFileReference; explicitFileType = wrapper.cfbundle; includeInIndex = 0; path = autoclickerTests.xctest; sourceTree = BUILT_PRODUCTS_DIR; };
		2A2196812DB76D6000CEFADE /* autoclickerUITests.xctest */ = {isa = PBXFileReference; explicitFileType = wrapper.cfbundle; includeInIndex = 0; path = autoclickerUITests.xctest; sourceTree = BUILT_PRODUCTS_DIR; };
/* End PBXFileReference section */

/* Begin PBXFileSystemSynchronizedRootGroup section */
		2A2196682DB76D5E00CEFADE /* autoclicker */ = {
			isa = PBXFileSystemSynchronizedRootGroup;
			path = autoclicker;
			sourceTree = "<group>";
		};
		2A21967A2DB76D6000CEFADE /* autoclickerTests */ = {
			isa = PBXFileSystemSynchronizedRootGroup;
			path = autoclickerTests;
			sourceTree = "<group>";
		};
		2A2196842DB76D6000CEFADE /* autoclickerUITests */ = {
			isa = PBXFileSystemSynchronizedRootGroup;
			path = autoclickerUITests;
			sourceTree = "<group>";
		};
/* End PBXFileSystemSynchronizedRootGroup section */

/* Begin PBXFrameworksBuildPhase section */
		2A2196632DB76D5E00CEFADE /* Frameworks */ = {
			isa = PBXFrameworksBuildPhase;
			buildActionMask = 2147483647;
			files = (
			);
			runOnlyForDeploymentPostprocessing = 0;
		};
		2A2196742DB76D6000CEFADE /* Frameworks */ = {
			isa = PBXFrameworksBuildPhase;
			buildActionMask = 2147483647;
			files = (
			);
			runOnlyForDeploymentPostprocessing = 0;
		};
		2A21967E2DB76D6000CEFADE /* Frameworks */ = {
			isa = PBXFrameworksBuildPhase;
			buildActionMask = 2147483647;
			files = (
			);
			runOnlyForDeploymentPostprocessing = 0;
		};
/* End PBXFrameworksBuildPhase section */

/* Begin PBXGroup section */
		2A21965D2DB76D5E00CEFADE = {
			isa = PBXGroup;
			children = (
				2A2196682DB76D5E00CEFADE /* autoclicker */,
				2A21967A2DB76D6000CEFADE /* autoclickerTests */,
				2A2196842DB76D6000CEFADE /* autoclickerUITests */,
				2A2196672DB76D5E00CEFADE /* Products */,
			);
			sourceTree = "<group>";
		};
		2A2196672DB76D5E00CEFADE /* Products */ = {
			isa = PBXGroup;
			children = (
				2A2196662DB76D5E00CEFADE /* autoclicker.app */,
				2A2196772DB76D6000CEFADE /* autoclickerTests.xctest */,
				2A2196812DB76D6000CEFADE /* autoclickerUITests.xctest */,
			);
			name = Products;
			sourceTree = "<group>";
		};
/* End PBXGroup section */

/* Begin PBXNativeTarget section */
		2A2196652DB76D5E00CEFADE /* autoclicker */ = {
			isa = PBXNativeTarget;
			buildConfigurationList = 2A21968B2DB76D6000CEFADE /* Build configuration list for PBXNativeTarget "autoclicker" */;
			buildPhases = (
				2A2196622DB76D5E00CEFADE /* Sources */,
				2A2196632DB76D5E00CEFADE /* Frameworks */,
				2A2196642DB76D5E00CEFADE /* Resources */,
			);
			buildRules = (
			);
			dependencies = (
			);
			fileSystemSynchronizedGroups = (
				2A2196682DB76D5E00CEFADE /* autoclicker */,
			);
			name = autoclicker;
			packageProductDependencies = (
			);
			productName = autoclicker;
			productReference = 2A2196662DB76D5E00CEFADE /* autoclicker.app */;
			productType = "com.apple.product-type.application";
		};
		2A2196762DB76D6000CEFADE /* autoclickerTests */ = {
			isa = PBXNativeTarget;
			buildConfigurationList = 2A21968E2DB76D6000CEFADE /* Build configuration list for PBXNativeTarget "autoclickerTests" */;
			buildPhases = (
				2A2196732DB76D6000CEFADE /* Sources */,
				2A2196742DB76D6000CEFADE /* Frameworks */,
				2A2196752DB76D6000CEFADE /* Resources */,
			);
			buildRules = (
			);
			dependencies = (
				2A2196792DB76D6000CEFADE /* PBXTargetDependency */,
			);
			fileSystemSynchronizedGroups = (
				2A21967A2DB76D6000CEFADE /* autoclickerTests */,
			);
			name = autoclickerTests;
			packageProductDependencies = (
			);
			productName = autoclickerTests;
			productReference = 2A2196772DB76D6000CEFADE /* autoclickerTests.xctest */;
			productType = "com.apple.product-type.bundle.unit-test";
		};
		2A2196802DB76D6000CEFADE /* autoclickerUITests */ = {
			isa = PBXNativeTarget;
			buildConfigurationList = 2A2196912DB76D6000CEFADE /* Build configuration list for PBXNativeTarget "autoclickerUITests" */;
			buildPhases = (
				2A21967D2DB76D6000CEFADE /* Sources */,
				2A21967E2DB76D6000CEFADE /* Frameworks */,
				2A21967F2DB76D6000CEFADE /* Resources */,
			);
			buildRules = (
			);
			dependencies = (
				2A2196832DB76D6000CEFADE /* PBXTargetDependency */,
			);
			fileSystemSynchronizedGroups = (
				2A2196842DB76D6000CEFADE /* autoclickerUITests */,
			);
			name = autoclickerUITests;
			packageProductDependencies = (
			);
			productName = autoclickerUITests;
			productReference = 2A2196812DB76D6000CEFADE /* autoclickerUITests.xctest */;
			productType = "com.apple.product-type.bundle.ui-testing";
		};
/* End PBXNativeTarget section */

/* Begin PBXProject section */
		2A21965E2DB76D5E00CEFADE /* Project object */ = {
			isa = PBXProject;
			attributes = {
				BuildIndependentTargetsInParallel = 1;
				LastSwiftUpdateCheck = 1620;
				LastUpgradeCheck = 1620;
				TargetAttributes = {
					2A2196652DB76D5E00CEFADE = {
						CreatedOnToolsVersion = 16.2;
					};
					2A2196762DB76D6000CEFADE = {
						CreatedOnToolsVersion = 16.2;
						TestTargetID = 2A2196652DB76D5E00CEFADE;
					};
					2A2196802DB76D6000CEFADE = {
						CreatedOnToolsVersion = 16.2;
						TestTargetID = 2A2196652DB76D5E00CEFADE;
					};
				};
			};
			buildConfigurationList = 2A2196612DB76D5E00CEFADE /* Build configuration list for PBXProject "autoclicker" */;
			developmentRegion = en;
			hasScannedForEncodings = 0;
			knownRegions = (
				en,
				Base,
			);
			mainGroup = 2A21965D2DB76D5E00CEFADE;
			minimizedProjectReferenceProxies = 1;
			preferredProjectObjectVersion = 77;
			productRefGroup = 2A2196672DB76D5E00CEFADE /* Products */;
			projectDirPath = "";
			projectRoot = "";
			targets = (
				2A2196652DB76D5E00CEFADE /* autoclicker */,
				2A2196762DB76D6000CEFADE /* autoclickerTests */,
				2A2196802DB76D6000CEFADE /* autoclickerUITests */,
			);
		};
/* End PBXProject section */

/* Begin PBXResourcesBuildPhase section */
		2A2196642DB76D5E00CEFADE /* Resources */ = {
			isa = PBXResourcesBuildPhase;
			buildActionMask = 2147483647;
			files = (
			);
			runOnlyForDeploymentPostprocessing = 0;
		};
		2A2196752DB76D6000CEFADE /* Resources */ = {
			isa = PBXResourcesBuildPhase;
			buildActionMask = 2147483647;
			files = (
			);
			runOnlyForDeploymentPostprocessing = 0;
		};
		2A21967F2DB76D6000CEFADE /* Resources */ = {
			isa = PBXResourcesBuildPhase;
			buildActionMask = 2147483647;
			files = (
			);
			runOnlyForDeploymentPostprocessing = 0;
		};
/* End PBXResourcesBuildPhase section */

/* Begin PBXSourcesBuildPhase section */
		2A2196622DB76D5E00CEFADE /* Sources */ = {
			isa = PBXSourcesBuildPhase;
			buildActionMask = 2147483647;
			files = (
			);
			runOnlyForDeploymentPostprocessing = 0;
		};
		2A2196732DB76D6000CEFADE /* Sources */ = {
			isa = PBXSourcesBuildPhase;
			buildActionMask = 2147483647;
			files = (
			);
			runOnlyForDeploymentPostprocessing = 0;
		};
		2A21967D2DB76D6000CEFADE /* Sources */ = {
			isa = PBXSourcesBuildPhase;
			buildActionMask = 2147483647;
			files = (
			);
			runOnlyForDeploymentPostprocessing = 0;
		};
/* End PBXSourcesBuildPhase section */

/* Begin PBXTargetDependency section */
		2A2196792DB76D6000CEFADE /* PBXTargetDependency */ = {
			isa = PBXTargetDependency;
			target = 2A2196652DB76D5E00CEFADE /* autoclicker */;
			targetProxy = 2A2196782DB76D6000CEFADE /* PBXContainerItemProxy */;
		};
		2A2196832DB76D6000CEFADE /* PBXTargetDependency */ = {
			isa = PBXTargetDependency;
			target = 2A2196652DB76D5E00CEFADE /* autoclicker */;
			targetProxy = 2A2196822DB76D6000CEFADE /* PBXContainerItemProxy */;
		};
/* End PBXTargetDependency section */

/* Begin XCBuildConfiguration section */
		2A2196892DB76D6000CEFADE /* Debug */ = {
			isa = XCBuildConfiguration;
			buildSettings = {
				ALWAYS_SEARCH_USER_PATHS = NO;
				ASSETCATALOG_COMPILER_GENERATE_SWIFT_ASSET_SYMBOL_EXTENSIONS = YES;
				CLANG_ANALYZER_NONNULL = YES;
				CLANG_ANALYZER_NUMBER_OBJECT_CONVERSION = YES_AGGRESSIVE;
				CLANG_CXX_LANGUAGE_STANDARD = "gnu++20";
				CLANG_ENABLE_MODULES = YES;
				CLANG_ENABLE_OBJC_ARC = YES;
				CLANG_ENABLE_OBJC_WEAK = YES;
				CLANG_WARN_BLOCK_CAPTURE_AUTORELEASING = YES;
				CLANG_WARN_BOOL_CONVERSION = YES;
				CLANG_WARN_COMMA = YES;
				CLANG_WARN_CONSTANT_CONVERSION = YES;
				CLANG_WARN_DEPRECATED_OBJC_IMPLEMENTATIONS = YES;
				CLANG_WARN_DIRECT_OBJC_ISA_USAGE = YES_ERROR;
				CLANG_WARN_DOCUMENTATION_COMMENTS = YES;
				CLANG_WARN_EMPTY_BODY = YES;
				CLANG_WARN_ENUM_CONVERSION = YES;
				CLANG_WARN_INFINITE_RECURSION = YES;
				CLANG_WARN_INT_CONVERSION = YES;
				CLANG_WARN_NON_LITERAL_NULL_CONVERSION = YES;
				CLANG_WARN_OBJC_IMPLICIT_RETAIN_SELF = YES;
				CLANG_WARN_OBJC_LITERAL_CONVERSION = YES;
				CLANG_WARN_OBJC_ROOT_CLASS = YES_ERROR;
				CLANG_WARN_QUOTED_INCLUDE_IN_FRAMEWORK_HEADER = YES;
				CLANG_WARN_RANGE_LOOP_ANALYSIS = YES;
				CLANG_WARN_STRICT_PROTOTYPES = YES;
				CLANG_WARN_SUSPICIOUS_MOVE = YES;
				CLANG_WARN_UNGUARDED_AVAILABILITY = YES_AGGRESSIVE;
				CLANG_WARN_UNREACHABLE_CODE = YES;
				CLANG_WARN__DUPLICATE_METHOD_MATCH = YES;
				COPY_PHASE_STRIP = NO;
				DEBUG_INFORMATION_FORMAT = dwarf;
				ENABLE_STRICT_OBJC_MSGSEND = YES;
				ENABLE_TESTABILITY = YES;
				ENABLE_USER_SCRIPT_SANDBOXING = YES;
				GCC_C_LANGUAGE_STANDARD = gnu17;
				GCC_DYNAMIC_NO_PIC = NO;
				GCC_NO_COMMON_BLOCKS = YES;
				GCC_OPTIMIZATION_LEVEL = 0;
				GCC_PREPROCESSOR_DEFINITIONS = (
					"DEBUG=1",
					"$(inherited)",
				);
				GCC_WARN_64_TO_32_BIT_CONVERSION = YES;
				GCC_WARN_ABOUT_RETURN_TYPE = YES_ERROR;
				GCC_WARN_UNDECLARED_SELECTOR = YES;
				GCC_WARN_UNINITIALIZED_AUTOS = YES_AGGRESSIVE;
				GCC_WARN_UNUSED_FUNCTION = YES;
				GCC_WARN_UNUSED_VARIABLE = YES;
				LOCALIZATION_PREFERS_STRING_CATALOGS = YES;
				MACOSX_DEPLOYMENT_TARGET = 15.2;
				MTL_ENABLE_DEBUG_INFO = INCLUDE_SOURCE;
				MTL_FAST_MATH = YES;
				ONLY_ACTIVE_ARCH = YES;
				SDKROOT = macosx;
				SWIFT_ACTIVE_COMPILATION_CONDITIONS = "DEBUG $(inherited)";
				SWIFT_OPTIMIZATION_LEVEL = "-Onone";
			};
			name = Debug;
		};
		2A21968A2DB76D6000CEFADE /* Release */ = {
			isa = XCBuildConfiguration;
			buildSettings = {
				ALWAYS_SEARCH_USER_PATHS = NO;
				ASSETCATALOG_COMPILER_GENERATE_SWIFT_ASSET_SYMBOL_EXTENSIONS = YES;
				CLANG_ANALYZER_NONNULL = YES;
				CLANG_ANALYZER_NUMBER_OBJECT_CONVERSION = YES_AGGRESSIVE;
				CLANG_CXX_LANGUAGE_STANDARD = "gnu++20";
				CLANG_ENABLE_MODULES = YES;
				CLANG_ENABLE_OBJC_ARC = YES;
				CLANG_ENABLE_OBJC_WEAK = YES;
				CLANG_WARN_BLOCK_CAPTURE_AUTORELEASING = YES;
				CLANG_WARN_BOOL_CONVERSION = YES;
				CLANG_WARN_COMMA = YES;
				CLANG_WARN_CONSTANT_CONVERSION = YES;
				CLANG_WARN_DEPRECATED_OBJC_IMPLEMENTATIONS = YES;
				CLANG_WARN_DIRECT_OBJC_ISA_USAGE = YES_ERROR;
				CLANG_WARN_DOCUMENTATION_COMMENTS = YES;
				CLANG_WARN_EMPTY_BODY = YES;
				CLANG_WARN_ENUM_CONVERSION = YES;
				CLANG_WARN_INFINITE_RECURSION = YES;
				CLANG_WARN_INT_CONVERSION = YES;
				CLANG_WARN_NON_LITERAL_NULL_CONVERSION = YES;
				CLANG_WARN_OBJC_IMPLICIT_RETAIN_SELF = YES;
				CLANG_WARN_OBJC_LITERAL_CONVERSION = YES;
				CLANG_WARN_OBJC_ROOT_CLASS = YES_ERROR;
				CLANG_WARN_QUOTED_INCLUDE_IN_FRAMEWORK_HEADER = YES;
				CLANG_WARN_RANGE_LOOP_ANALYSIS = YES;
				CLANG_WARN_STRICT_PROTOTYPES = YES;
				CLANG_WARN_SUSPICIOUS_MOVE = YES;
				CLANG_WARN_UNGUARDED_AVAILABILITY = YES_AGGRESSIVE;
				CLANG_WARN_UNREACHABLE_CODE = YES;
				CLANG_WARN__DUPLICATE_METHOD_MATCH = YES;
				COPY_PHASE_STRIP = NO;
				DEBUG_INFORMATION_FORMAT = "dwarf-with-dsym";
				ENABLE_NS_ASSERTIONS = NO;
				ENABLE_STRICT_OBJC_MSGSEND = YES;
				ENABLE_USER_SCRIPT_SANDBOXING = YES;
				GCC_C_LANGUAGE_STANDARD = gnu17;
				GCC_NO_COMMON_BLOCKS = YES;
				GCC_WARN_64_TO_32_BIT_CONVERSION = YES;
				GCC_WARN_ABOUT_RETURN_TYPE = YES_ERROR;
				GCC_WARN_UNDECLARED_SELECTOR = YES;
				GCC_WARN_UNINITIALIZED_AUTOS = YES_AGGRESSIVE;
				GCC_WARN_UNUSED_FUNCTION = YES;
				GCC_WARN_UNUSED_VARIABLE = YES;
				LOCALIZATION_PREFERS_STRING_CATALOGS = YES;
				MACOSX_DEPLOYMENT_TARGET = 15.2;
				MTL_ENABLE_DEBUG_INFO = NO;
				MTL_FAST_MATH = YES;
				SDKROOT = macosx;
				SWIFT_COMPILATION_MODE = wholemodule;
			};
			name = Release;
		};
		2A21968C2DB76D6000CEFADE /* Debug */ = {
			isa = XCBuildConfiguration;
			buildSettings = {
				ASSETCATALOG_COMPILER_APPICON_NAME = AppIcon;
				ASSETCATALOG_COMPILER_GLOBAL_ACCENT_COLOR_NAME = AccentColor;
				CODE_SIGN_ENTITLEMENTS = autoclicker/autoclicker.entitlements;
				CODE_SIGN_STYLE = Automatic;
				COMBINE_HIDPI_IMAGES = YES;
				CURRENT_PROJECT_VERSION = 1;
				DEVELOPMENT_ASSET_PATHS = "\"autoclicker/Preview Content\"";
				DEVELOPMENT_TEAM = 895YKN623N;
				ENABLE_HARDENED_RUNTIME = YES;
				ENABLE_PREVIEWS = YES;
				GENERATE_INFOPLIST_FILE = YES;
				INFOPLIST_KEY_NSHumanReadableCopyright = "";
				LD_RUNPATH_SEARCH_PATHS = (
					"$(inherited)",
					"@executable_path/../Frameworks",
				);
				MARKETING_VERSION = 1.0;
				PRODUCT_BUNDLE_IDENTIFIER = personal.autoclicker;
				PRODUCT_NAME = "$(TARGET_NAME)";
				SWIFT_EMIT_LOC_STRINGS = YES;
				SWIFT_VERSION = 5.0;
			};
			name = Debug;
		};
		2A21968D2DB76D6000CEFADE /* Release */ = {
			isa = XCBuildConfiguration;
			buildSettings = {
				ASSETCATALOG_COMPILER_APPICON_NAME = AppIcon;
				ASSETCATALOG_COMPILER_GLOBAL_ACCENT_COLOR_NAME = AccentColor;
				CODE_SIGN_ENTITLEMENTS = autoclicker/autoclicker.entitlements;
				CODE_SIGN_STYLE = Automatic;
				COMBINE_HIDPI_IMAGES = YES;
				CURRENT_PROJECT_VERSION = 1;
				DEVELOPMENT_ASSET_PATHS = "\"autoclicker/Preview Content\"";
				DEVELOPMENT_TEAM = 895YKN623N;
				ENABLE_HARDENED_RUNTIME = YES;
				ENABLE_PREVIEWS = YES;
				GENERATE_INFOPLIST_FILE = YES;
				INFOPLIST_KEY_NSHumanReadableCopyright = "";
				LD_RUNPATH_SEARCH_PATHS = (
					"$(inherited)",
					"@executable_path/../Frameworks",
				);
				MARKETING_VERSION = 1.0;
				PRODUCT_BUNDLE_IDENTIFIER = personal.autoclicker;
				PRODUCT_NAME = "$(TARGET_NAME)";
				SWIFT_EMIT_LOC_STRINGS = YES;
				SWIFT_VERSION = 5.0;
			};
			name = Release;
		};
		2A21968F2DB76D6000CEFADE /* Debug */ = {
			isa = XCBuildConfiguration;
			buildSettings = {
				BUNDLE_LOADER = "$(TEST_HOST)";
				CODE_SIGN_STYLE = Automatic;
				CURRENT_PROJECT_VERSION = 1;
				DEVELOPMENT_TEAM = 895YKN623N;
				GENERATE_INFOPLIST_FILE = YES;
				MACOSX_DEPLOYMENT_TARGET = 15.2;
				MARKETING_VERSION = 1.0;
				PRODUCT_BUNDLE_IDENTIFIER = personal.autoclickerTests;
				PRODUCT_NAME = "$(TARGET_NAME)";
				SWIFT_EMIT_LOC_STRINGS = NO;
				SWIFT_VERSION = 5.0;
				TEST_HOST = "$(BUILT_PRODUCTS_DIR)/autoclicker.app/$(BUNDLE_EXECUTABLE_FOLDER_PATH)/autoclicker";
			};
			name = Debug;
		};
		2A2196902DB76D6000CEFADE /* Release */ = {
			isa = XCBuildConfiguration;
			buildSettings = {
				BUNDLE_LOADER = "$(TEST_HOST)";
				CODE_SIGN_STYLE = Automatic;
				CURRENT_PROJECT_VERSION = 1;
				DEVELOPMENT_TEAM = 895YKN623N;
				GENERATE_INFOPLIST_FILE = YES;
				MACOSX_DEPLOYMENT_TARGET = 15.2;
				MARKETING_VERSION = 1.0;
				PRODUCT_BUNDLE_IDENTIFIER = personal.autoclickerTests;
				PRODUCT_NAME = "$(TARGET_NAME)";
				SWIFT_EMIT_LOC_STRINGS = NO;
				SWIFT_VERSION = 5.0;
				TEST_HOST = "$(BUILT_PRODUCTS_DIR)/autoclicker.app/$(BUNDLE_EXECUTABLE_FOLDER_PATH)/autoclicker";
			};
			name = Release;
		};
		2A2196922DB76D6000CEFADE /* Debug */ = {
			isa = XCBuildConfiguration;
			buildSettings = {
				CODE_SIGN_STYLE = Automatic;
				CURRENT_PROJECT_VERSION = 1;
				DEVELOPMENT_TEAM = 895YKN623N;
				GENERATE_INFOPLIST_FILE = YES;
				MARKETING_VERSION = 1.0;
				PRODUCT_BUNDLE_IDENTIFIER = personal.autoclickerUITests;
				PRODUCT_NAME = "$(TARGET_NAME)";
				SWIFT_EMIT_LOC_STRINGS = NO;
				SWIFT_VERSION = 5.0;
				TEST_TARGET_NAME = autoclicker;
			};
			name = Debug;
		};
		2A2196932DB76D6000CEFADE /* Release */ = {
			isa = XCBuildConfiguration;
			buildSettings = {
				CODE_SIGN_STYLE = Automatic;
				CURRENT_PROJECT_VERSION = 1;
				DEVELOPMENT_TEAM = 895YKN623N;
				GENERATE_INFOPLIST_FILE = YES;
				MARKETING_VERSION = 1.0;
				PRODUCT_BUNDLE_IDENTIFIER = personal.autoclickerUITests;
				PRODUCT_NAME = "$(TARGET_NAME)";
				SWIFT_EMIT_LOC_STRINGS = NO;
				SWIFT_VERSION = 5.0;
				TEST_TARGET_NAME = autoclicker;
			};
			name = Release;
		};
/* End XCBuildConfiguration section */

/* Begin XCConfigurationList section */
		2A2196612DB76D5E00CEFADE /* Build configuration list for PBXProject "autoclicker" */ = {
			isa = XCConfigurationList;
			buildConfigurations = (
				2A2196892DB76D6000CEFADE /* Debug */,
				2A21968A2DB76D6000CEFADE /* Release */,
			);
			defaultConfigurationIsVisible = 0;
			defaultConfigurationName = Release;
		};
		2A21968B2DB76D6000CEFADE /* Build configuration list for PBXNativeTarget "autoclicker" */ = {
			isa = XCConfigurationList;
			buildConfigurations = (
				2A21968C2DB76D6000CEFADE /* Debug */,
				2A21968D2DB76D6000CEFADE /* Release */,
			);
			defaultConfigurationIsVisible = 0;
			defaultConfigurationName = Release;
		};
		2A21968E2DB76D6000CEFADE /* Build configuration list for PBXNativeTarget "autoclickerTests" */ = {
			isa = XCConfigurationList;
			buildConfigurations = (
				2A21968F2DB76D6000CEFADE /* Debug */,
				2A2196902DB76D6000CEFADE /* Release */,
			);
			defaultConfigurationIsVisible = 0;
			defaultConfigurationName = Release;
		};
		2A2196912DB76D6000CEFADE /* Build configuration list for PBXNativeTarget "autoclickerUITests" */ = {
			isa = XCConfigurationList;
			buildConfigurations = (
				2A2196922DB76D6000CEFADE /* Debug */,
				2A2196932DB76D6000CEFADE /* Release */,
			);
			defaultConfigurationIsVisible = 0;
			defaultConfigurationName = Release;
		};
/* End XCConfigurationList section */
	};
	rootObject = 2A21965E2DB76D5E00CEFADE /* Project object */;
}
